
Microsoft Visual Studio Solution File, Format Version 12.00
# Visual Studio 2013
VisualStudioVersion = 12.0.30723.0
MinimumVisualStudioVersion = 10.0.40219.1
Project("{FAE04EC0-301F-11D3-BF4B-00C04F79EFBC}") = "Our.Umbraco.CropHealer", "Our.Umbraco.CropHealer\Our.Umbraco.CropHealer.csproj", "{C3B4FA13-3F87-4783-822D-883B5D7FE5D4}"
EndProject
Project("{FAE04EC0-301F-11D3-BF4B-00C04F79EFBC}") = "TestSite", "TestSite\TestSite.csproj", "{527C6E46-9B93-4014-9236-DBC3E4355F80}"
EndProject
Project("{2150E333-8FDC-42A3-9474-1A3956D46DE8}") = "BuildPackage", "BuildPackage", "{87A0BA0A-3151-4F30-BFC8-E4D4FCFFAFBC}"
	ProjectSection(SolutionItems) = preProject
		appveyor.yml = appveyor.yml
		BuildPackage\Build.bat = BuildPackage\Build.bat
		BuildPackage\Package.build.xml = BuildPackage\Package.build.xml
		BuildPackage\package.nuspec = BuildPackage\package.nuspec
		BuildPackage\Package.xml = BuildPackage\Package.xml
		BuildPackage\Test.bat = BuildPackage\Test.bat
	EndProjectSection
EndProject
Project("{FAE04EC0-301F-11D3-BF4B-00C04F79EFBC}") = "Our.Umbraco.CropHealer.Tests", "Our.Umbraco.CropHealer.Tests\Our.Umbraco.CropHealer.Tests.csproj", "{FA8845C5-7948-493F-A1FB-8EAF1F82BFBD}"
EndProject
Project("{2150E333-8FDC-42A3-9474-1A3956D46DE8}") = "Docs", "Docs", "{FD4A46BD-C628-4B69-AD9A-901B2C45F14D}"
	ProjectSection(SolutionItems) = preProject
		README.md = README.md
	EndProjectSection
EndProject
Global
	GlobalSection(SolutionConfigurationPlatforms) = preSolution
		Debug|Any CPU = Debug|Any CPU
		Release|Any CPU = Release|Any CPU
	EndGlobalSection
	GlobalSection(ProjectConfigurationPlatforms) = postSolution
		{C3B4FA13-3F87-4783-822D-883B5D7FE5D4}.Debug|Any CPU.ActiveCfg = Debug|Any CPU
		{C3B4FA13-3F87-4783-822D-883B5D7FE5D4}.Debug|Any CPU.Build.0 = Debug|Any CPU
		{C3B4FA13-3F87-4783-822D-883B5D7FE5D4}.Release|Any CPU.ActiveCfg = Release|Any CPU
		{C3B4FA13-3F87-4783-822D-883B5D7FE5D4}.Release|Any CPU.Build.0 = Release|Any CPU
		{527C6E46-9B93-4014-9236-DBC3E4355F80}.Debug|Any CPU.ActiveCfg = Debug|Any CPU
		{527C6E46-9B93-4014-9236-DBC3E4355F80}.Debug|Any CPU.Build.0 = Debug|Any CPU
		{527C6E46-9B93-4014-9236-DBC3E4355F80}.Release|Any CPU.ActiveCfg = Release|Any CPU
		{527C6E46-9B93-4014-9236-DBC3E4355F80}.Release|Any CPU.Build.0 = Release|Any CPU
		{FA8845C5-7948-493F-A1FB-8EAF1F82BFBD}.Debug|Any CPU.ActiveCfg = Debug|Any CPU
		{FA8845C5-7948-493F-A1FB-8EAF1F82BFBD}.Debug|Any CPU.Build.0 = Debug|Any CPU
		{FA8845C5-7948-493F-A1FB-8EAF1F82BFBD}.Release|Any CPU.ActiveCfg = Release|Any CPU
		{FA8845C5-7948-493F-A1FB-8EAF1F82BFBD}.Release|Any CPU.Build.0 = Release|Any CPU
	EndGlobalSection
	GlobalSection(SolutionProperties) = preSolution
		HideSolutionNode = FALSE
	EndGlobalSection
EndGlobal
